
Microsoft Visual Studio Solution File, Format Version 12.00
# Visual Studio Version 17
VisualStudioVersion = 17.1.32328.378
MinimumVisualStudioVersion = 10.0.40219.1
Project("{FAE04EC0-301F-11D3-BF4B-00C04F79EFBC}") = "VL.UnityStarter", "VL.UnityStarter.csproj", "{C0D1C059-DA94-4CCA-BC55-EF6E408BCC6C}"
EndProject
Global
	GlobalSection(SolutionConfigurationPlatforms) = preSolution
		Debug|Any CPU = Debug|Any CPU
		Release|Any CPU = Release|Any CPU
	EndGlobalSection
	GlobalSection(ProjectConfigurationPlatforms) = postSolution
		{C0D1C059-DA94-4CCA-BC55-EF6E408BCC6C}.Debug|Any CPU.ActiveCfg = Debug|Any CPU
		{C0D1C059-DA94-4CCA-BC55-EF6E408BCC6C}.Debug|Any CPU.Build.0 = Debug|Any CPU
		{C0D1C059-DA94-4CCA-BC55-EF6E408BCC6C}.Release|Any CPU.ActiveCfg = Release|Any CPU
		{C0D1C059-DA94-4CCA-BC55-EF6E408BCC6C}.Release|Any CPU.Build.0 = Release|Any CPU
	EndGlobalSection
	GlobalSection(SolutionProperties) = preSolution
		HideSolutionNode = FALSE
	EndGlobalSection
	GlobalSection(ExtensibilityGlobals) = postSolution
		SolutionGuid = {E3686E7E-8A3B-48F4-A8BD-479B064C3B5A}
	EndGlobalSection
EndGlobal
