
Microsoft Visual Studio Solution File, Format Version 12.00
# Visual Studio Version 17
VisualStudioVersion = 17.1.32328.378
MinimumVisualStudioVersion = 10.0.40219.1
Project("{FAE04EC0-301F-11D3-BF4B-00C04F79EFBC}") = "VL.UnityStarter", "VL.UnityStarter.csproj", "{BCFBFC3C-6B14-40A3-A7E7-C12B88E1E3DC}"
EndProject
Project("{FAE04EC0-301F-11D3-BF4B-00C04F79EFBC}") = "VL.Gaming2D", "..\VL.Gaming2D\VL.Gaming2D.csproj", "{BCC4B000-1359-4E20-ADB2-EFC0811A162E}"
EndProject
Project("{FAE04EC0-301F-11D3-BF4B-00C04F79EFBC}") = "VL.Gaming25D", "..\VL.Gaming25D\VL.Gaming25D.csproj", "{4E4CB4B7-AB0C-47D9-A5E9-4C507B20EB7A}"
EndProject
Project("{FAE04EC0-301F-11D3-BF4B-00C04F79EFBC}") = "VL.Gaming3D", "..\VL.Gaming3D\VL.Gaming3D.csproj", "{DEEE0B83-BAAA-45C4-9BBB-FD59F809576A}"
EndProject
Project("{FAE04EC0-301F-11D3-BF4B-00C04F79EFBC}") = "VL.Gaming", "..\VL.Gaming.Common\VL.Gaming.csproj", "{A75242F8-A43F-412D-ACE8-BBBA5A074D4D}"
EndProject
Project("{FAE04EC0-301F-11D3-BF4B-00C04F79EFBC}") = "UnitTestProject1", "..\UnitTestProject1\UnitTestProject1.csproj", "{154A98E3-37A2-4281-A174-BDD9C72B3423}"
EndProject
Project("{FAE04EC0-301F-11D3-BF4B-00C04F79EFBC}") = "VL.ColorSetter", "..\VL.ColorSetter\VL.ColorSetter.csproj", "{E5C900D7-5038-4AB7-B939-DEF47078DDC5}"
EndProject
Global
	GlobalSection(SolutionConfigurationPlatforms) = preSolution
		Debug|Any CPU = Debug|Any CPU
		Release|Any CPU = Release|Any CPU
	EndGlobalSection
	GlobalSection(ProjectConfigurationPlatforms) = postSolution
		{BCFBFC3C-6B14-40A3-A7E7-C12B88E1E3DC}.Debug|Any CPU.ActiveCfg = Debug|Any CPU
		{BCFBFC3C-6B14-40A3-A7E7-C12B88E1E3DC}.Debug|Any CPU.Build.0 = Debug|Any CPU
		{BCFBFC3C-6B14-40A3-A7E7-C12B88E1E3DC}.Release|Any CPU.ActiveCfg = Release|Any CPU
		{BCFBFC3C-6B14-40A3-A7E7-C12B88E1E3DC}.Release|Any CPU.Build.0 = Release|Any CPU
		{BCC4B000-1359-4E20-ADB2-EFC0811A162E}.Debug|Any CPU.ActiveCfg = Debug|Any CPU
		{BCC4B000-1359-4E20-ADB2-EFC0811A162E}.Debug|Any CPU.Build.0 = Debug|Any CPU
		{BCC4B000-1359-4E20-ADB2-EFC0811A162E}.Release|Any CPU.ActiveCfg = Release|Any CPU
		{BCC4B000-1359-4E20-ADB2-EFC0811A162E}.Release|Any CPU.Build.0 = Release|Any CPU
		{4E4CB4B7-AB0C-47D9-A5E9-4C507B20EB7A}.Debug|Any CPU.ActiveCfg = Debug|Any CPU
		{4E4CB4B7-AB0C-47D9-A5E9-4C507B20EB7A}.Debug|Any CPU.Build.0 = Debug|Any CPU
		{4E4CB4B7-AB0C-47D9-A5E9-4C507B20EB7A}.Release|Any CPU.ActiveCfg = Release|Any CPU
		{4E4CB4B7-AB0C-47D9-A5E9-4C507B20EB7A}.Release|Any CPU.Build.0 = Release|Any CPU
		{DEEE0B83-BAAA-45C4-9BBB-FD59F809576A}.Debug|Any CPU.ActiveCfg = Debug|Any CPU
		{DEEE0B83-BAAA-45C4-9BBB-FD59F809576A}.Debug|Any CPU.Build.0 = Debug|Any CPU
		{DEEE0B83-BAAA-45C4-9BBB-FD59F809576A}.Release|Any CPU.ActiveCfg = Release|Any CPU
		{DEEE0B83-BAAA-45C4-9BBB-FD59F809576A}.Release|Any CPU.Build.0 = Release|Any CPU
		{A75242F8-A43F-412D-ACE8-BBBA5A074D4D}.Debug|Any CPU.ActiveCfg = Debug|Any CPU
		{A75242F8-A43F-412D-ACE8-BBBA5A074D4D}.Debug|Any CPU.Build.0 = Debug|Any CPU
		{A75242F8-A43F-412D-ACE8-BBBA5A074D4D}.Release|Any CPU.ActiveCfg = Release|Any CPU
		{A75242F8-A43F-412D-ACE8-BBBA5A074D4D}.Release|Any CPU.Build.0 = Release|Any CPU
		{154A98E3-37A2-4281-A174-BDD9C72B3423}.Debug|Any CPU.ActiveCfg = Debug|Any CPU
		{154A98E3-37A2-4281-A174-BDD9C72B3423}.Debug|Any CPU.Build.0 = Debug|Any CPU
		{154A98E3-37A2-4281-A174-BDD9C72B3423}.Release|Any CPU.ActiveCfg = Release|Any CPU
		{154A98E3-37A2-4281-A174-BDD9C72B3423}.Release|Any CPU.Build.0 = Release|Any CPU
		{E5C900D7-5038-4AB7-B939-DEF47078DDC5}.Debug|Any CPU.ActiveCfg = Debug|Any CPU
		{E5C900D7-5038-4AB7-B939-DEF47078DDC5}.Debug|Any CPU.Build.0 = Debug|Any CPU
		{E5C900D7-5038-4AB7-B939-DEF47078DDC5}.Release|Any CPU.ActiveCfg = Release|Any CPU
		{E5C900D7-5038-4AB7-B939-DEF47078DDC5}.Release|Any CPU.Build.0 = Release|Any CPU
	EndGlobalSection
	GlobalSection(SolutionProperties) = preSolution
		HideSolutionNode = FALSE
	EndGlobalSection
	GlobalSection(ExtensibilityGlobals) = postSolution
		SolutionGuid = {EDF00C56-8F5A-49AC-990A-076185262AEF}
	EndGlobalSection
EndGlobal
